# THIS IS AN AUTOGENERATED FILE. DO NOT EDIT THIS FILE DIRECTLY.
# yarn lockfile v1


"@types/chai@^3.4.32":
  version "3.5.2"
  resolved "https://registry.yarnpkg.com/@types/chai/-/chai-3.5.2.tgz#c11cd2817d3a401b7ba0f5a420f35c56139b1c1e"

"@types/events@*":
  version "3.0.0"
  resolved "https://registry.yarnpkg.com/@types/events/-/events-3.0.0.tgz#2862f3f58a9a7f7c3e78d79f130dd4d71c25c2a7"

"@types/glob@^5.0.29":
  version "5.0.36"
  resolved "https://registry.yarnpkg.com/@types/glob/-/glob-5.0.36.tgz#0c80a9c8664fc7d19781de229f287077fd622cb2"
  dependencies:
    "@types/events" "*"
    "@types/minimatch" "*"
    "@types/node" "*"

"@types/google-closure-compiler@0.0.18":
  version "0.0.18"
  resolved "https://registry.yarnpkg.com/@types/google-closure-compiler/-/google-closure-compiler-0.0.18.tgz#fe233d02d9bf9c7af95c9e007f042fb7609b9ec4"
  dependencies:
    "@types/node" "*"

"@types/jasmine@2.2.22-alpha":
  version "2.2.22-alpha"
  resolved "https://registry.yarnpkg.com/@types/jasmine/-/jasmine-2.2.22-alpha.tgz#eecaee43fe42ef6b5cfefad1bcc370c433f485bf"

"@types/minimatch@*":
  version "3.0.3"
  resolved "https://registry.yarnpkg.com/@types/minimatch/-/minimatch-3.0.3.tgz#3dca0e3f33b200fc7d1139c0cd96c1268cadfd9d"

"@types/minimatch@^2.0.28":
  version "2.0.29"
  resolved "https://registry.yarnpkg.com/@types/minimatch/-/minimatch-2.0.29.tgz#5002e14f75e2d71e564281df0431c8c1b4a2a36a"

"@types/minimist@^1.1.28":
  version "1.2.0"
  resolved "https://registry.yarnpkg.com/@types/minimist/-/minimist-1.2.0.tgz#69a23a3ad29caf0097f06eda59b361ee2f0639f6"

"@types/mkdirp@^0.3.28":
  version "0.3.29"
  resolved "https://registry.yarnpkg.com/@types/mkdirp/-/mkdirp-0.3.29.tgz#7f2ad7ec55f914482fc9b1ec4bb1ae6028d46066"

"@types/mocha@^2.2.31":
  version "2.2.48"
  resolved "https://registry.yarnpkg.com/@types/mocha/-/mocha-2.2.48.tgz#3523b126a0b049482e1c3c11877460f76622ffab"

"@types/node@*":
  version "11.9.5"
  resolved "https://registry.yarnpkg.com/@types/node/-/node-11.9.5.tgz#011eece9d3f839a806b63973e228f85967b79ed3"

"@types/node@^6.0.38":
  version "6.14.3"
  resolved "https://registry.yarnpkg.com/@types/node/-/node-6.14.3.tgz#3f2faad3a0b1d8233f568d1779a14be375112c97"

"@types/source-map-support@^0.2.27":
  version "0.2.28"
  resolved "https://registry.yarnpkg.com/@types/source-map-support/-/source-map-support-0.2.28.tgz#ce6497dfa9c9fbd21a753955b4a51d8993d759dd"
  dependencies:
    "@types/node" "*"

"@types/source-map@^0.1.27":
  version "0.1.29"
  resolved "https://registry.yarnpkg.com/@types/source-map/-/source-map-0.1.29.tgz#d7048a60180b09f8aa6d53bda311c6b51cbd7018"

balanced-match@^1.0.0:
  version "1.0.0"
  resolved "https://registry.yarnpkg.com/balanced-match/-/balanced-match-1.0.0.tgz#89b4d199ab2bee49de164ea02b89ce462d71b767"

brace-expansion@^1.1.7:
  version "1.1.11"
  resolved "https://registry.yarnpkg.com/brace-expansion/-/brace-expansion-1.1.11.tgz#3c7fcbf529d87226f3d2f52b966ff5271eb441dd"
  dependencies:
    balanced-match "^1.0.0"
    concat-map "0.0.1"

concat-map@0.0.1:
  version "0.0.1"
  resolved "https://registry.yarnpkg.com/concat-map/-/concat-map-0.0.1.tgz#d8a96bd77fd68df7793a73036a3ba0d5405d477b"

fs.realpath@^1.0.0:
  version "1.0.0"
  resolved "https://registry.yarnpkg.com/fs.realpath/-/fs.realpath-1.0.0.tgz#1504ad2523158caa40db4a2787cb01411994ea4f"

glob@^7.1.3:
  version "7.1.3"
  resolved "https://registry.yarnpkg.com/glob/-/glob-7.1.3.tgz#3960832d3f1574108342dafd3a67b332c0969df1"
  dependencies:
    fs.realpath "^1.0.0"
    inflight "^1.0.4"
    inherits "2"
    minimatch "^3.0.4"
    once "^1.3.0"
    path-is-absolute "^1.0.0"

inflight@^1.0.4:
  version "1.0.6"
  resolved "https://registry.yarnpkg.com/inflight/-/inflight-1.0.6.tgz#49bd6331d7d02d0c09bc910a1075ba8165b56df9"
  dependencies:
    once "^1.3.0"
    wrappy "1"

inherits@2:
  version "2.0.3"
  resolved "https://registry.yarnpkg.com/inherits/-/inherits-2.0.3.tgz#633c2c83e3da42a502f52466022480f4208261de"

minimatch@^3.0.4:
  version "3.0.4"
  resolved "https://registry.yarnpkg.com/minimatch/-/minimatch-3.0.4.tgz#5166e286457f03306064be5497e8dbb0c3d32083"
  dependencies:
    brace-expansion "^1.1.7"

once@^1.3.0:
  version "1.4.0"
  resolved "https://registry.yarnpkg.com/once/-/once-1.4.0.tgz#583b1aa775961d4b113ac17d9c50baef9dd76bd1"
  dependencies:
    wrappy "1"

path-is-absolute@^1.0.0:
  version "1.0.1"
  resolved "https://registry.yarnpkg.com/path-is-absolute/-/path-is-absolute-1.0.1.tgz#174b9268735534ffbc7ace6bf53a5a9e1b5c5f5f"

rimraf@2.6.3:
  version "2.6.3"
  resolved "https://registry.yarnpkg.com/rimraf/-/rimraf-2.6.3.tgz#b2d104fe0d8fb27cf9e0a1cda8262dd3833c6cab"
  dependencies:
    glob "^7.1.3"

typescript@2.7.2:
  version "2.7.2"
  resolved "https://registry.yarnpkg.com/typescript/-/typescript-2.7.2.tgz#2d615a1ef4aee4f574425cdff7026edf81919836"

wrappy@1:
  version "1.0.2"
  resolved "https://registry.yarnpkg.com/wrappy/-/wrappy-1.0.2.tgz#b5243d8f3ec1aa35f1364605bc0d1036e30ab69f"

zone.js@^0.8.12:
  version "0.8.29"
  resolved "https://registry.yarnpkg.com/zone.js/-/zone.js-0.8.29.tgz#8dce92aa0dd553b50bc5bfbb90af9986ad845a12"
